schema: '2.0'
stages:
  load_data:
    cmd: python src/load_data.py --config=params.yaml
    deps:
    - path: data_given/winequality.csv
      md5: ccc8d3507eb151f53f760d36abdef888
      size: 91998
    - path: src/get_data.py
      md5: b891b7d9a42e1fd06249be04b80e8b39
      size: 639
    - path: src/load_data.py
      md5: 14c3b1fc7378c40055dff36bdfa73552
      size: 637
    outs:
    - path: data/raw/winequality.csv
      md5: ccc8d3507eb151f53f760d36abdef888
      size: 93598
  split_data:
    cmd: python src/split_data.py --config=params.yaml
    deps:
    - path: data/raw/winequality.csv
      md5: ccc8d3507eb151f53f760d36abdef888
      size: 91998
    - path: src/split_data.py
      md5: 4f18fd6057cc8579aa73a49b1a4c2082
      size: 1031
    outs:
    - path: data/processed/test_Winequality.csv
      md5: 96071a2c6ecae7ac70cd6c6af0c445e1
      size: 18831
    - path: data/processed/train_winequality.csv
      md5: 106db3f56f68427f22f31295dd9a0736
      size: 74913
